
Microsoft Visual Studio Solution File, Format Version 12.00
# Visual Studio 15
VisualStudioVersion = 15.0.28307.1169
MinimumVisualStudioVersion = 10.0.40219.1
Project("{FAE04EC0-301F-11D3-BF4B-00C04F79EFBC}") = "PersonalSite.UI.MVC", "..\PersonalSite.UI.MVC\PersonalSite.UI.MVC.csproj", "{5013DC8A-D3C7-47A5-8A8B-EE988C1337C8}"
EndProject
Global
	GlobalSection(SolutionConfigurationPlatforms) = preSolution
		Debug|Any CPU = Debug|Any CPU
		Release|Any CPU = Release|Any CPU
	EndGlobalSection
	GlobalSection(ProjectConfigurationPlatforms) = postSolution
		{5013DC8A-D3C7-47A5-8A8B-EE988C1337C8}.Debug|Any CPU.ActiveCfg = Debug|Any CPU
		{5013DC8A-D3C7-47A5-8A8B-EE988C1337C8}.Debug|Any CPU.Build.0 = Debug|Any CPU
		{5013DC8A-D3C7-47A5-8A8B-EE988C1337C8}.Release|Any CPU.ActiveCfg = Release|Any CPU
		{5013DC8A-D3C7-47A5-8A8B-EE988C1337C8}.Release|Any CPU.Build.0 = Release|Any CPU
	EndGlobalSection
	GlobalSection(SolutionProperties) = preSolution
		HideSolutionNode = FALSE
	EndGlobalSection
	GlobalSection(ExtensibilityGlobals) = postSolution
		SolutionGuid = {8F7C4664-5F1D-4407-85B3-33F6990DB032}
	EndGlobalSection
EndGlobal
